
Microsoft Visual Studio Solution File, Format Version 12.00
# Visual Studio Version 17
VisualStudioVersion = 17.3.32922.545
MinimumVisualStudioVersion = 10.0.40219.1
Project("{FAE04EC0-301F-11D3-BF4B-00C04F79EFBC}") = "D18-ovn-1.3-gitrepo", "D18-ovn-1.3-gitrepo\D18-ovn-1.3-gitrepo.csproj", "{46FB9E0D-C529-463D-8467-EDD9B64D2342}"
EndProject
Global
	GlobalSection(SolutionConfigurationPlatforms) = preSolution
		Debug|Any CPU = Debug|Any CPU
		Release|Any CPU = Release|Any CPU
	EndGlobalSection
	GlobalSection(ProjectConfigurationPlatforms) = postSolution
		{46FB9E0D-C529-463D-8467-EDD9B64D2342}.Debug|Any CPU.ActiveCfg = Debug|Any CPU
		{46FB9E0D-C529-463D-8467-EDD9B64D2342}.Debug|Any CPU.Build.0 = Debug|Any CPU
		{46FB9E0D-C529-463D-8467-EDD9B64D2342}.Release|Any CPU.ActiveCfg = Release|Any CPU
		{46FB9E0D-C529-463D-8467-EDD9B64D2342}.Release|Any CPU.Build.0 = Release|Any CPU
	EndGlobalSection
	GlobalSection(SolutionProperties) = preSolution
		HideSolutionNode = FALSE
	EndGlobalSection
	GlobalSection(ExtensibilityGlobals) = postSolution
		SolutionGuid = {D0AE0F94-1AA9-4859-9551-AB04C891A00D}
	EndGlobalSection
EndGlobal
